
Microsoft Visual Studio Solution File, Format Version 12.00
# Visual Studio 15
VisualStudioVersion = 15.0.27703.2047
MinimumVisualStudioVersion = 10.0.40219.1
Project("{FAE04EC0-301F-11D3-BF4B-00C04F79EFBC}") = "LenderProfileApi", "LenderProfileApi\LenderProfileApi.csproj", "{C7CBB09C-908C-4965-9964-E99F9152164A}"
EndProject
Global
	GlobalSection(SolutionConfigurationPlatforms) = preSolution
		Debug|Any CPU = Debug|Any CPU
		Release|Any CPU = Release|Any CPU
	EndGlobalSection
	GlobalSection(ProjectConfigurationPlatforms) = postSolution
		{C7CBB09C-908C-4965-9964-E99F9152164A}.Debug|Any CPU.ActiveCfg = Debug|Any CPU
		{C7CBB09C-908C-4965-9964-E99F9152164A}.Debug|Any CPU.Build.0 = Debug|Any CPU
		{C7CBB09C-908C-4965-9964-E99F9152164A}.Release|Any CPU.ActiveCfg = Release|Any CPU
		{C7CBB09C-908C-4965-9964-E99F9152164A}.Release|Any CPU.Build.0 = Release|Any CPU
	EndGlobalSection
	GlobalSection(SolutionProperties) = preSolution
		HideSolutionNode = FALSE
	EndGlobalSection
	GlobalSection(ExtensibilityGlobals) = postSolution
		SolutionGuid = {C0F45291-516F-450F-AAA0-54DED54A5376}
	EndGlobalSection
EndGlobal
